[[package]]
name = "asgiref"
version = "3.6.0"
description = "ASGI specs, helper code, and adapters"
category = "main"
optional = false
python-versions = ">=3.7"

[package.extras]
tests = ["mypy (>=0.800)", "pytest", "pytest-asyncio"]

[[package]]
name = "colorama"
version = "0.4.6"
description = "Cross-platform colored terminal text."
category = "main"
optional = false
python-versions = "!=3.0.*,!=3.1.*,!=3.2.*,!=3.3.*,!=3.4.*,!=3.5.*,!=3.6.*,>=2.7"

[[package]]
name = "django"
version = "4.2"
description = "A high-level Python web framework that encourages rapid development and clean, pragmatic design."
category = "main"
optional = false
python-versions = ">=3.8"

[package.dependencies]
asgiref = ">=3.6.0,<4"
sqlparse = ">=0.3.1"
tzdata = {version = "*", markers = "sys_platform == \"win32\""}

[package.extras]
argon2 = ["argon2-cffi (>=19.1.0)"]
bcrypt = ["bcrypt"]

[[package]]
name = "django-environ"
version = "0.10.0"
description = "A package that allows you to utilize 12factor inspired environment variables to configure your Django application."
category = "main"
optional = false
python-versions = ">=3.5,<4"

[package.extras]
develop = ["coverage[toml] (>=5.0a4)", "furo (>=2021.8.17b43,<2021.9.0)", "pytest (>=4.6.11)", "sphinx (>=3.5.0)", "sphinx-notfound-page"]
docs = ["furo (>=2021.8.17b43,<2021.9.0)", "sphinx (>=3.5.0)", "sphinx-notfound-page"]
testing = ["coverage[toml] (>=5.0a4)", "pytest (>=4.6.11)"]

[[package]]
name = "exceptiongroup"
version = "1.1.1"
description = "Backport of PEP 654 (exception groups)"
category = "main"
optional = false
python-versions = ">=3.7"

[package.extras]
test = ["pytest (>=6)"]

[[package]]
name = "factory-boy"
version = "3.2.1"
description = "A versatile test fixtures replacement based on thoughtbot's factory_bot for Ruby."
category = "main"
optional = false
python-versions = ">=3.6"

[package.dependencies]
Faker = ">=0.7.0"

[package.extras]
dev = ["Django", "Pillow", "SQLAlchemy", "coverage", "flake8", "isort", "mongoengine", "tox", "wheel (>=0.32.0)", "zest.releaser[recommended]"]
doc = ["Sphinx", "sphinx-rtd-theme", "sphinxcontrib-spelling"]

[[package]]
name = "faker"
version = "18.4.0"
description = "Faker is a Python package that generates fake data for you."
category = "main"
optional = false
python-versions = ">=3.7"

[package.dependencies]
python-dateutil = ">=2.4"

[[package]]
name = "gunicorn"
version = "20.1.0"
description = "WSGI HTTP Server for UNIX"
category = "main"
optional = false
python-versions = ">=3.5"

[package.dependencies]
setuptools = ">=3.0"

[package.extras]
eventlet = ["eventlet (>=0.24.1)"]
gevent = ["gevent (>=1.4.0)"]
setproctitle = ["setproctitle"]
tornado = ["tornado (>=0.2)"]

[[package]]
name = "inflection"
version = "0.5.1"
description = "A port of Ruby on Rails inflector to Python"
category = "main"
optional = false
python-versions = ">=3.5"

[[package]]
name = "iniconfig"
version = "2.0.0"
description = "brain-dead simple config-ini parsing"
category = "main"
optional = false
python-versions = ">=3.7"

[[package]]
name = "packaging"
version = "23.0"
description = "Core utilities for Python packages"
category = "main"
optional = false
python-versions = ">=3.7"

[[package]]
name = "pluggy"
version = "1.0.0"
description = "plugin and hook calling mechanisms for python"
category = "main"
optional = false
python-versions = ">=3.6"

[package.extras]
dev = ["pre-commit", "tox"]
testing = ["pytest", "pytest-benchmark"]

[[package]]
name = "psycopg2"
version = "2.9.6"
description = "psycopg2 - Python-PostgreSQL Database Adapter"
category = "main"
optional = false
python-versions = ">=3.6"

[[package]]
name = "pytest"
version = "7.3.0"
description = "pytest: simple powerful testing with Python"
category = "main"
optional = false
python-versions = ">=3.7"

[package.dependencies]
colorama = {version = "*", markers = "sys_platform == \"win32\""}
exceptiongroup = {version = ">=1.0.0rc8", markers = "python_version < \"3.11\""}
iniconfig = "*"
packaging = "*"
pluggy = ">=0.12,<2.0"
tomli = {version = ">=1.0.0", markers = "python_version < \"3.11\""}

[package.extras]
testing = ["argcomplete", "attrs (>=19.2.0)", "hypothesis (>=3.56)", "mock", "nose", "pygments (>=2.7.2)", "requests", "xmlschema"]

[[package]]
name = "pytest-django"
version = "4.5.2"
description = "A Django plugin for pytest."
category = "main"
optional = false
python-versions = ">=3.5"

[package.dependencies]
pytest = ">=5.4.0"

[package.extras]
docs = ["sphinx", "sphinx-rtd-theme"]
testing = ["Django", "django-configurations (>=2.0)"]

[[package]]
name = "pytest-factoryboy"
version = "2.5.1"
description = "Factory Boy support for pytest."
category = "main"
optional = false
python-versions = ">=3.7"

[package.dependencies]
factory_boy = ">=2.10.0"
inflection = "*"
pytest = ">=5.0.0"
typing_extensions = "*"

[[package]]
name = "python-dateutil"
version = "2.8.2"
description = "Extensions to the standard Python datetime module"
category = "main"
optional = false
python-versions = "!=3.0.*,!=3.1.*,!=3.2.*,>=2.7"

[package.dependencies]
six = ">=1.5"

[[package]]
name = "setuptools"
version = "67.6.1"
description = "Easily download, build, install, upgrade, and uninstall Python packages"
category = "main"
optional = false
python-versions = ">=3.7"

[package.extras]
docs = ["furo", "jaraco.packaging (>=9)", "jaraco.tidelift (>=1.4)", "pygments-github-lexers (==0.0.5)", "rst.linker (>=1.9)", "sphinx (>=3.5)", "sphinx-favicon", "sphinx-hoverxref (<2)", "sphinx-inline-tabs", "sphinx-lint", "sphinx-notfound-page (==0.8.3)", "sphinx-reredirects", "sphinxcontrib-towncrier"]
testing = ["build[virtualenv]", "filelock (>=3.4.0)", "flake8 (<5)", "flake8-2020", "ini2toml[lite] (>=0.9)", "jaraco.envs (>=2.2)", "jaraco.path (>=3.2.0)", "pip (>=19.1)", "pip-run (>=8.8)", "pytest (>=6)", "pytest-black (>=0.3.7)", "pytest-checkdocs (>=2.4)", "pytest-cov", "pytest-enabler (>=1.3)", "pytest-flake8", "pytest-mypy (>=0.9.1)", "pytest-perf", "pytest-timeout", "pytest-xdist", "tomli-w (>=1.0.0)", "virtualenv (>=13.0.0)", "wheel"]
testing-integration = ["build[virtualenv]", "filelock (>=3.4.0)", "jaraco.envs (>=2.2)", "jaraco.path (>=3.2.0)", "pytest", "pytest-enabler", "pytest-xdist", "tomli", "virtualenv (>=13.0.0)", "wheel"]

[[package]]
name = "six"
version = "1.16.0"
description = "Python 2 and 3 compatibility utilities"
category = "main"
optional = false
python-versions = ">=2.7, !=3.0.*, !=3.1.*, !=3.2.*"

[[package]]
name = "sqlparse"
version = "0.4.3"
description = "A non-validating SQL parser."
category = "main"
optional = false
python-versions = ">=3.5"

[[package]]
name = "tomli"
version = "2.0.1"
description = "A lil' TOML parser"
category = "main"
optional = false
python-versions = ">=3.7"

[[package]]
name = "typing-extensions"
version = "4.5.0"
description = "Backported and Experimental Type Hints for Python 3.7+"
category = "main"
optional = false
python-versions = ">=3.7"

[[package]]
name = "tzdata"
version = "2023.3"
description = "Provider of IANA time zone data"
category = "main"
optional = false
python-versions = ">=2"

[metadata]
lock-version = "1.1"
python-versions = "^3.10"
content-hash = "bd27a7ce89ad91efbe4f5723951fc9f37552d0d479515e71814115b4672e8c2f"

[metadata.files]
asgiref = [
    {file = "asgiref-3.6.0-py3-none-any.whl", hash = "sha256:71e68008da809b957b7ee4b43dbccff33d1b23519fb8344e33f049897077afac"},
    {file = "asgiref-3.6.0.tar.gz", hash = "sha256:9567dfe7bd8d3c8c892227827c41cce860b368104c3431da67a0c5a65a949506"},
]
colorama = [
    {file = "colorama-0.4.6-py2.py3-none-any.whl", hash = "sha256:4f1d9991f5acc0ca119f9d443620b77f9d6b33703e51011c16baf57afb285fc6"},
    {file = "colorama-0.4.6.tar.gz", hash = "sha256:08695f5cb7ed6e0531a20572697297273c47b8cae5a63ffc6d6ed5c201be6e44"},
]
django = [
    {file = "Django-4.2-py3-none-any.whl", hash = "sha256:ad33ed68db9398f5dfb33282704925bce044bef4261cd4fb59e4e7f9ae505a78"},
    {file = "Django-4.2.tar.gz", hash = "sha256:c36e2ab12824e2ac36afa8b2515a70c53c7742f0d6eaefa7311ec379558db997"},
]
django-environ = [
    {file = "django-environ-0.10.0.tar.gz", hash = "sha256:b3559a91439c9d774a9e0c1ced872364772c612cdf6dc919506a2b13f7a77225"},
    {file = "django_environ-0.10.0-py2.py3-none-any.whl", hash = "sha256:510f8c9c1d0a38b0815f91504270c29440a0cf44fab07f55942fa8d31bbb9be6"},
]
exceptiongroup = [
    {file = "exceptiongroup-1.1.1-py3-none-any.whl", hash = "sha256:232c37c63e4f682982c8b6459f33a8981039e5fb8756b2074364e5055c498c9e"},
    {file = "exceptiongroup-1.1.1.tar.gz", hash = "sha256:d484c3090ba2889ae2928419117447a14daf3c1231d5e30d0aae34f354f01785"},
]
factory-boy = [
    {file = "factory_boy-3.2.1-py2.py3-none-any.whl", hash = "sha256:eb02a7dd1b577ef606b75a253b9818e6f9eaf996d94449c9d5ebb124f90dc795"},
    {file = "factory_boy-3.2.1.tar.gz", hash = "sha256:a98d277b0c047c75eb6e4ab8508a7f81fb03d2cb21986f627913546ef7a2a55e"},
]
faker = [
    {file = "Faker-18.4.0-py3-none-any.whl", hash = "sha256:170ead9d0d140916168b142df69c44722b8f622ced2070802d0af9c476f0cb84"},
    {file = "Faker-18.4.0.tar.gz", hash = "sha256:977ad0b7aa7a61ed57287d6a0723a827e9d3dd1f8cc82aaf08707f281b33bacc"},
]
gunicorn = [
    {file = "gunicorn-20.1.0-py3-none-any.whl", hash = "sha256:9dcc4547dbb1cb284accfb15ab5667a0e5d1881cc443e0677b4882a4067a807e"},
    {file = "gunicorn-20.1.0.tar.gz", hash = "sha256:e0a968b5ba15f8a328fdfd7ab1fcb5af4470c28aaf7e55df02a99bc13138e6e8"},
]
inflection = [
    {file = "inflection-0.5.1-py2.py3-none-any.whl", hash = "sha256:f38b2b640938a4f35ade69ac3d053042959b62a0f1076a5bbaa1b9526605a8a2"},
    {file = "inflection-0.5.1.tar.gz", hash = "sha256:1a29730d366e996aaacffb2f1f1cb9593dc38e2ddd30c91250c6dde09ea9b417"},
]
iniconfig = [
    {file = "iniconfig-2.0.0-py3-none-any.whl", hash = "sha256:b6a85871a79d2e3b22d2d1b94ac2824226a63c6b741c88f7ae975f18b6778374"},
    {file = "iniconfig-2.0.0.tar.gz", hash = "sha256:2d91e135bf72d31a410b17c16da610a82cb55f6b0477d1a902134b24a455b8b3"},
]
packaging = [
    {file = "packaging-23.0-py3-none-any.whl", hash = "sha256:714ac14496c3e68c99c29b00845f7a2b85f3bb6f1078fd9f72fd20f0570002b2"},
    {file = "packaging-23.0.tar.gz", hash = "sha256:b6ad297f8907de0fa2fe1ccbd26fdaf387f5f47c7275fedf8cce89f99446cf97"},
]
pluggy = [
    {file = "pluggy-1.0.0-py2.py3-none-any.whl", hash = "sha256:74134bbf457f031a36d68416e1509f34bd5ccc019f0bcc952c7b909d06b37bd3"},
    {file = "pluggy-1.0.0.tar.gz", hash = "sha256:4224373bacce55f955a878bf9cfa763c1e360858e330072059e10bad68531159"},
]
psycopg2 = [
    {file = "psycopg2-2.9.6-cp310-cp310-win32.whl", hash = "sha256:f7a7a5ee78ba7dc74265ba69e010ae89dae635eea0e97b055fb641a01a31d2b1"},
    {file = "psycopg2-2.9.6-cp310-cp310-win_amd64.whl", hash = "sha256:f75001a1cbbe523e00b0ef896a5a1ada2da93ccd752b7636db5a99bc57c44494"},
    {file = "psycopg2-2.9.6-cp311-cp311-win32.whl", hash = "sha256:53f4ad0a3988f983e9b49a5d9765d663bbe84f508ed655affdb810af9d0972ad"},
    {file = "psycopg2-2.9.6-cp311-cp311-win_amd64.whl", hash = "sha256:b81fcb9ecfc584f661b71c889edeae70bae30d3ef74fa0ca388ecda50b1222b7"},
    {file = "psycopg2-2.9.6-cp36-cp36m-win32.whl", hash = "sha256:11aca705ec888e4f4cea97289a0bf0f22a067a32614f6ef64fcf7b8bfbc53744"},
    {file = "psycopg2-2.9.6-cp36-cp36m-win_amd64.whl", hash = "sha256:36c941a767341d11549c0fbdbb2bf5be2eda4caf87f65dfcd7d146828bd27f39"},
    {file = "psycopg2-2.9.6-cp37-cp37m-win32.whl", hash = "sha256:869776630c04f335d4124f120b7fb377fe44b0a7645ab3c34b4ba42516951889"},
    {file = "psycopg2-2.9.6-cp37-cp37m-win_amd64.whl", hash = "sha256:a8ad4a47f42aa6aec8d061fdae21eaed8d864d4bb0f0cade5ad32ca16fcd6258"},
    {file = "psycopg2-2.9.6-cp38-cp38-win32.whl", hash = "sha256:2362ee4d07ac85ff0ad93e22c693d0f37ff63e28f0615a16b6635a645f4b9214"},
    {file = "psycopg2-2.9.6-cp38-cp38-win_amd64.whl", hash = "sha256:d24ead3716a7d093b90b27b3d73459fe8cd90fd7065cf43b3c40966221d8c394"},
    {file = "psycopg2-2.9.6-cp39-cp39-win32.whl", hash = "sha256:1861a53a6a0fd248e42ea37c957d36950da00266378746588eab4f4b5649e95f"},
    {file = "psycopg2-2.9.6-cp39-cp39-win_amd64.whl", hash = "sha256:ded2faa2e6dfb430af7713d87ab4abbfc764d8d7fb73eafe96a24155f906ebf5"},
    {file = "psycopg2-2.9.6.tar.gz", hash = "sha256:f15158418fd826831b28585e2ab48ed8df2d0d98f502a2b4fe619e7d5ca29011"},
]
pytest = [
    {file = "pytest-7.3.0-py3-none-any.whl", hash = "sha256:933051fa1bfbd38a21e73c3960cebdad4cf59483ddba7696c48509727e17f201"},
    {file = "pytest-7.3.0.tar.gz", hash = "sha256:58ecc27ebf0ea643ebfdf7fb1249335da761a00c9f955bcd922349bcb68ee57d"},
]
pytest-django = [
    {file = "pytest-django-4.5.2.tar.gz", hash = "sha256:d9076f759bb7c36939dbdd5ae6633c18edfc2902d1a69fdbefd2426b970ce6c2"},
    {file = "pytest_django-4.5.2-py3-none-any.whl", hash = "sha256:c60834861933773109334fe5a53e83d1ef4828f2203a1d6a0fa9972f4f75ab3e"},
]
pytest-factoryboy = [
    {file = "pytest_factoryboy-2.5.1-py3-none-any.whl", hash = "sha256:41e3465935322188daefc8720f83cebb16bf3d3a430356dc91151c55f31d99c7"},
    {file = "pytest_factoryboy-2.5.1.tar.gz", hash = "sha256:7275a52299b20c0f58b63fdf7326b3fd2b7cbefbdaa90fdcfc776bbe92197484"},
]
python-dateutil = [
    {file = "python-dateutil-2.8.2.tar.gz", hash = "sha256:0123cacc1627ae19ddf3c27a5de5bd67ee4586fbdd6440d9748f8abb483d3e86"},
    {file = "python_dateutil-2.8.2-py2.py3-none-any.whl", hash = "sha256:961d03dc3453ebbc59dbdea9e4e11c5651520a876d0f4db161e8674aae935da9"},
]
setuptools = [
    {file = "setuptools-67.6.1-py3-none-any.whl", hash = "sha256:e728ca814a823bf7bf60162daf9db95b93d532948c4c0bea762ce62f60189078"},
    {file = "setuptools-67.6.1.tar.gz", hash = "sha256:257de92a9d50a60b8e22abfcbb771571fde0dbf3ec234463212027a4eeecbe9a"},
]
six = [
    {file = "six-1.16.0-py2.py3-none-any.whl", hash = "sha256:8abb2f1d86890a2dfb989f9a77cfcfd3e47c2a354b01111771326f8aa26e0254"},
    {file = "six-1.16.0.tar.gz", hash = "sha256:1e61c37477a1626458e36f7b1d82aa5c9b094fa4802892072e49de9c60c4c926"},
]
sqlparse = [
    {file = "sqlparse-0.4.3-py3-none-any.whl", hash = "sha256:0323c0ec29cd52bceabc1b4d9d579e311f3e4961b98d174201d5622a23b85e34"},
    {file = "sqlparse-0.4.3.tar.gz", hash = "sha256:69ca804846bb114d2ec380e4360a8a340db83f0ccf3afceeb1404df028f57268"},
]
tomli = [
    {file = "tomli-2.0.1-py3-none-any.whl", hash = "sha256:939de3e7a6161af0c887ef91b7d41a53e7c5a1ca976325f429cb46ea9bc30ecc"},
    {file = "tomli-2.0.1.tar.gz", hash = "sha256:de526c12914f0c550d15924c62d72abc48d6fe7364aa87328337a31007fe8a4f"},
]
typing-extensions = [
    {file = "typing_extensions-4.5.0-py3-none-any.whl", hash = "sha256:fb33085c39dd998ac16d1431ebc293a8b3eedd00fd4a32de0ff79002c19511b4"},
    {file = "typing_extensions-4.5.0.tar.gz", hash = "sha256:5cb5f4a79139d699607b3ef622a1dedafa84e115ab0024e0d9c044a9479ca7cb"},
]
tzdata = [
    {file = "tzdata-2023.3-py2.py3-none-any.whl", hash = "sha256:7e65763eef3120314099b6939b5546db7adce1e7d6f2e179e3df563c70511eda"},
    {file = "tzdata-2023.3.tar.gz", hash = "sha256:11ef1e08e54acb0d4f95bdb1be05da659673de4acbd21bf9c69e94cc5e907a3a"},
]
